
Microsoft Visual Studio Solution File, Format Version 12.00
Project("{FAE04EC0-301F-11D3-BF4B-00C04F79EFBC}") = "Dynamic.Employees.Core", "Dynamic.Employees.Core\Dynamic.Employees.Core.csproj", "{5DA5A5CE-FC0A-4BDB-AAE4-7AB039B7F637}"
EndProject
Project("{FAE04EC0-301F-11D3-BF4B-00C04F79EFBC}") = "EmployeeApi", "EmployeeApi\EmployeeApi.csproj", "{38DD2A35-6BBF-42EF-A416-968AA70098A6}"
EndProject
Project("{FAE04EC0-301F-11D3-BF4B-00C04F79EFBC}") = "Dynamic.Employees.Data", "Dynamic.Employees.Data\Dynamic.Employees.Data.csproj", "{8D505F01-DA34-45A5-AA3C-933396D76BC7}"
EndProject
Project("{FAE04EC0-301F-11D3-BF4B-00C04F79EFBC}") = "Dynamic.Json.EfCore", "Dynamic.Json.EfCore\Dynamic.Json.EfCore.csproj", "{CBA0A1D1-8A51-496F-913A-F2E353D2227B}"
EndProject
Project("{FAE04EC0-301F-11D3-BF4B-00C04F79EFBC}") = "Dynamic.Json.EfCore.Tests", "Dynamic.Json.EfCore.Tests\Dynamic.Json.EfCore.Tests.csproj", "{D953C495-0DC6-48AC-853A-F8507EF181A1}"
EndProject
Project("{FAE04EC0-301F-11D3-BF4B-00C04F79EFBC}") = "Dynamic.Json.EfCore.SqlServer", "Dynamic.Json.EfCore.SqlServer\Dynamic.Json.EfCore.SqlServer.csproj", "{BAF487F5-5B7E-4FDB-996E-C66A408C145C}"
EndProject
Project("{FAE04EC0-301F-11D3-BF4B-00C04F79EFBC}") = "Dynamic.Json.EfCore.AspNetCore", "Dynamic.Json.EfCore.AspNetCore\Dynamic.Json.EfCore.AspNetCore.csproj", "{BFA14F2B-1326-4AE3-AD98-7C4FA64FF46C}"
EndProject
Global
	GlobalSection(SolutionConfigurationPlatforms) = preSolution
		Debug|Any CPU = Debug|Any CPU
		Debug|x64 = Debug|x64
		Debug|x86 = Debug|x86
		Release|Any CPU = Release|Any CPU
		Release|x64 = Release|x64
		Release|x86 = Release|x86
	EndGlobalSection
	GlobalSection(ProjectConfigurationPlatforms) = postSolution
		{5DA5A5CE-FC0A-4BDB-AAE4-7AB039B7F637}.Debug|Any CPU.ActiveCfg = Debug|Any CPU
		{5DA5A5CE-FC0A-4BDB-AAE4-7AB039B7F637}.Debug|Any CPU.Build.0 = Debug|Any CPU
		{5DA5A5CE-FC0A-4BDB-AAE4-7AB039B7F637}.Debug|x64.ActiveCfg = Debug|Any CPU
		{5DA5A5CE-FC0A-4BDB-AAE4-7AB039B7F637}.Debug|x64.Build.0 = Debug|Any CPU
		{5DA5A5CE-FC0A-4BDB-AAE4-7AB039B7F637}.Debug|x86.ActiveCfg = Debug|Any CPU
		{5DA5A5CE-FC0A-4BDB-AAE4-7AB039B7F637}.Debug|x86.Build.0 = Debug|Any CPU
		{5DA5A5CE-FC0A-4BDB-AAE4-7AB039B7F637}.Release|Any CPU.ActiveCfg = Release|Any CPU
		{5DA5A5CE-FC0A-4BDB-AAE4-7AB039B7F637}.Release|Any CPU.Build.0 = Release|Any CPU
		{5DA5A5CE-FC0A-4BDB-AAE4-7AB039B7F637}.Release|x64.ActiveCfg = Release|Any CPU
		{5DA5A5CE-FC0A-4BDB-AAE4-7AB039B7F637}.Release|x64.Build.0 = Release|Any CPU
		{5DA5A5CE-FC0A-4BDB-AAE4-7AB039B7F637}.Release|x86.ActiveCfg = Release|Any CPU
		{5DA5A5CE-FC0A-4BDB-AAE4-7AB039B7F637}.Release|x86.Build.0 = Release|Any CPU
		{38DD2A35-6BBF-42EF-A416-968AA70098A6}.Debug|Any CPU.ActiveCfg = Debug|Any CPU
		{38DD2A35-6BBF-42EF-A416-968AA70098A6}.Debug|Any CPU.Build.0 = Debug|Any CPU
		{38DD2A35-6BBF-42EF-A416-968AA70098A6}.Debug|x64.ActiveCfg = Debug|Any CPU
		{38DD2A35-6BBF-42EF-A416-968AA70098A6}.Debug|x64.Build.0 = Debug|Any CPU
		{38DD2A35-6BBF-42EF-A416-968AA70098A6}.Debug|x86.ActiveCfg = Debug|Any CPU
		{38DD2A35-6BBF-42EF-A416-968AA70098A6}.Debug|x86.Build.0 = Debug|Any CPU
		{38DD2A35-6BBF-42EF-A416-968AA70098A6}.Release|Any CPU.ActiveCfg = Release|Any CPU
		{38DD2A35-6BBF-42EF-A416-968AA70098A6}.Release|Any CPU.Build.0 = Release|Any CPU
		{38DD2A35-6BBF-42EF-A416-968AA70098A6}.Release|x64.ActiveCfg = Release|Any CPU
		{38DD2A35-6BBF-42EF-A416-968AA70098A6}.Release|x64.Build.0 = Release|Any CPU
		{38DD2A35-6BBF-42EF-A416-968AA70098A6}.Release|x86.ActiveCfg = Release|Any CPU
		{38DD2A35-6BBF-42EF-A416-968AA70098A6}.Release|x86.Build.0 = Release|Any CPU
		{8D505F01-DA34-45A5-AA3C-933396D76BC7}.Debug|Any CPU.ActiveCfg = Debug|Any CPU
		{8D505F01-DA34-45A5-AA3C-933396D76BC7}.Debug|Any CPU.Build.0 = Debug|Any CPU
		{8D505F01-DA34-45A5-AA3C-933396D76BC7}.Debug|x64.ActiveCfg = Debug|Any CPU
		{8D505F01-DA34-45A5-AA3C-933396D76BC7}.Debug|x64.Build.0 = Debug|Any CPU
		{8D505F01-DA34-45A5-AA3C-933396D76BC7}.Debug|x86.ActiveCfg = Debug|Any CPU
		{8D505F01-DA34-45A5-AA3C-933396D76BC7}.Debug|x86.Build.0 = Debug|Any CPU
		{8D505F01-DA34-45A5-AA3C-933396D76BC7}.Release|Any CPU.ActiveCfg = Release|Any CPU
		{8D505F01-DA34-45A5-AA3C-933396D76BC7}.Release|Any CPU.Build.0 = Release|Any CPU
		{8D505F01-DA34-45A5-AA3C-933396D76BC7}.Release|x64.ActiveCfg = Release|Any CPU
		{8D505F01-DA34-45A5-AA3C-933396D76BC7}.Release|x64.Build.0 = Release|Any CPU
		{8D505F01-DA34-45A5-AA3C-933396D76BC7}.Release|x86.ActiveCfg = Release|Any CPU
		{8D505F01-DA34-45A5-AA3C-933396D76BC7}.Release|x86.Build.0 = Release|Any CPU
		{CBA0A1D1-8A51-496F-913A-F2E353D2227B}.Debug|Any CPU.ActiveCfg = Debug|Any CPU
		{CBA0A1D1-8A51-496F-913A-F2E353D2227B}.Debug|Any CPU.Build.0 = Debug|Any CPU
		{CBA0A1D1-8A51-496F-913A-F2E353D2227B}.Debug|x64.ActiveCfg = Debug|Any CPU
		{CBA0A1D1-8A51-496F-913A-F2E353D2227B}.Debug|x64.Build.0 = Debug|Any CPU
		{CBA0A1D1-8A51-496F-913A-F2E353D2227B}.Debug|x86.ActiveCfg = Debug|Any CPU
		{CBA0A1D1-8A51-496F-913A-F2E353D2227B}.Debug|x86.Build.0 = Debug|Any CPU
		{CBA0A1D1-8A51-496F-913A-F2E353D2227B}.Release|Any CPU.ActiveCfg = Release|Any CPU
		{CBA0A1D1-8A51-496F-913A-F2E353D2227B}.Release|Any CPU.Build.0 = Release|Any CPU
		{CBA0A1D1-8A51-496F-913A-F2E353D2227B}.Release|x64.ActiveCfg = Release|Any CPU
		{CBA0A1D1-8A51-496F-913A-F2E353D2227B}.Release|x64.Build.0 = Release|Any CPU
		{CBA0A1D1-8A51-496F-913A-F2E353D2227B}.Release|x86.ActiveCfg = Release|Any CPU
		{CBA0A1D1-8A51-496F-913A-F2E353D2227B}.Release|x86.Build.0 = Release|Any CPU
		{D953C495-0DC6-48AC-853A-F8507EF181A1}.Debug|Any CPU.ActiveCfg = Debug|Any CPU
		{D953C495-0DC6-48AC-853A-F8507EF181A1}.Debug|Any CPU.Build.0 = Debug|Any CPU
		{D953C495-0DC6-48AC-853A-F8507EF181A1}.Debug|x64.ActiveCfg = Debug|Any CPU
		{D953C495-0DC6-48AC-853A-F8507EF181A1}.Debug|x64.Build.0 = Debug|Any CPU
		{D953C495-0DC6-48AC-853A-F8507EF181A1}.Debug|x86.ActiveCfg = Debug|Any CPU
		{D953C495-0DC6-48AC-853A-F8507EF181A1}.Debug|x86.Build.0 = Debug|Any CPU
		{D953C495-0DC6-48AC-853A-F8507EF181A1}.Release|Any CPU.ActiveCfg = Release|Any CPU
		{D953C495-0DC6-48AC-853A-F8507EF181A1}.Release|Any CPU.Build.0 = Release|Any CPU
		{D953C495-0DC6-48AC-853A-F8507EF181A1}.Release|x64.ActiveCfg = Release|Any CPU
		{D953C495-0DC6-48AC-853A-F8507EF181A1}.Release|x64.Build.0 = Release|Any CPU
		{D953C495-0DC6-48AC-853A-F8507EF181A1}.Release|x86.ActiveCfg = Release|Any CPU
		{D953C495-0DC6-48AC-853A-F8507EF181A1}.Release|x86.Build.0 = Release|Any CPU
		{BAF487F5-5B7E-4FDB-996E-C66A408C145C}.Debug|Any CPU.ActiveCfg = Debug|Any CPU
		{BAF487F5-5B7E-4FDB-996E-C66A408C145C}.Debug|Any CPU.Build.0 = Debug|Any CPU
		{BAF487F5-5B7E-4FDB-996E-C66A408C145C}.Debug|x64.ActiveCfg = Debug|Any CPU
		{BAF487F5-5B7E-4FDB-996E-C66A408C145C}.Debug|x64.Build.0 = Debug|Any CPU
		{BAF487F5-5B7E-4FDB-996E-C66A408C145C}.Debug|x86.ActiveCfg = Debug|Any CPU
		{BAF487F5-5B7E-4FDB-996E-C66A408C145C}.Debug|x86.Build.0 = Debug|Any CPU
		{BAF487F5-5B7E-4FDB-996E-C66A408C145C}.Release|Any CPU.ActiveCfg = Release|Any CPU
		{BAF487F5-5B7E-4FDB-996E-C66A408C145C}.Release|Any CPU.Build.0 = Release|Any CPU
		{BAF487F5-5B7E-4FDB-996E-C66A408C145C}.Release|x64.ActiveCfg = Release|Any CPU
		{BAF487F5-5B7E-4FDB-996E-C66A408C145C}.Release|x64.Build.0 = Release|Any CPU
		{BAF487F5-5B7E-4FDB-996E-C66A408C145C}.Release|x86.ActiveCfg = Release|Any CPU
		{BAF487F5-5B7E-4FDB-996E-C66A408C145C}.Release|x86.Build.0 = Release|Any CPU
		{BFA14F2B-1326-4AE3-AD98-7C4FA64FF46C}.Debug|Any CPU.ActiveCfg = Debug|Any CPU
		{BFA14F2B-1326-4AE3-AD98-7C4FA64FF46C}.Debug|Any CPU.Build.0 = Debug|Any CPU
		{BFA14F2B-1326-4AE3-AD98-7C4FA64FF46C}.Debug|x64.ActiveCfg = Debug|Any CPU
		{BFA14F2B-1326-4AE3-AD98-7C4FA64FF46C}.Debug|x64.Build.0 = Debug|Any CPU
		{BFA14F2B-1326-4AE3-AD98-7C4FA64FF46C}.Debug|x86.ActiveCfg = Debug|Any CPU
		{BFA14F2B-1326-4AE3-AD98-7C4FA64FF46C}.Debug|x86.Build.0 = Debug|Any CPU
		{BFA14F2B-1326-4AE3-AD98-7C4FA64FF46C}.Release|Any CPU.ActiveCfg = Release|Any CPU
		{BFA14F2B-1326-4AE3-AD98-7C4FA64FF46C}.Release|Any CPU.Build.0 = Release|Any CPU
		{BFA14F2B-1326-4AE3-AD98-7C4FA64FF46C}.Release|x64.ActiveCfg = Release|Any CPU
		{BFA14F2B-1326-4AE3-AD98-7C4FA64FF46C}.Release|x64.Build.0 = Release|Any CPU
		{BFA14F2B-1326-4AE3-AD98-7C4FA64FF46C}.Release|x86.ActiveCfg = Release|Any CPU
		{BFA14F2B-1326-4AE3-AD98-7C4FA64FF46C}.Release|x86.Build.0 = Release|Any CPU
	EndGlobalSection
	GlobalSection(SolutionProperties) = preSolution
		HideSolutionNode = FALSE
	EndGlobalSection
EndGlobal
